
Microsoft Visual Studio Solution File, Format Version 12.00
# Visual Studio Version 17
VisualStudioVersion = 17.14.36511.14
MinimumVisualStudioVersion = 10.0.40219.1
Project("{FAE04EC0-301F-11D3-BF4B-00C04F79EFBC}") = "SocialService.API", "..\..\New folder (2)\SocialService.API\SocialService.API.csproj", "{99549DF0-FD6C-B460-0C07-EE6DA35433F7}"
EndProject
Project("{FAE04EC0-301F-11D3-BF4B-00C04F79EFBC}") = "SocialService.Application", "..\..\New folder (2)\SocialService.Application\SocialService.Application.csproj", "{D8D63796-1D46-93ED-0774-3E2EBF955D3F}"
EndProject
Project("{FAE04EC0-301F-11D3-BF4B-00C04F79EFBC}") = "SocialService.Domain", "..\..\New folder (2)\SocialService.Domain\SocialService.Domain.csproj", "{54FFD973-FEC7-2212-476D-F58508F4515B}"
EndProject
Project("{FAE04EC0-301F-11D3-BF4B-00C04F79EFBC}") = "SocialService.Infrastructure", "..\..\New folder (2)\SocialService.Infrastructure\SocialService.Infrastructure.csproj", "{59C9DB1C-AFB1-867F-8A57-FC3A0B49625A}"
EndProject
Project("{FAE04EC0-301F-11D3-BF4B-00C04F79EFBC}") = "SocialService.Shared.Common", "..\..\New folder (2)\SocialServiceShared.Common\SocialService.Shared.Common.csproj", "{74D9EC67-488D-531A-ACDF-B90C65D0DB3E}"
EndProject
Global
	GlobalSection(SolutionConfigurationPlatforms) = preSolution
		Debug|Any CPU = Debug|Any CPU
		Release|Any CPU = Release|Any CPU
	EndGlobalSection
	GlobalSection(ProjectConfigurationPlatforms) = postSolution
		{99549DF0-FD6C-B460-0C07-EE6DA35433F7}.Debug|Any CPU.ActiveCfg = Debug|Any CPU
		{99549DF0-FD6C-B460-0C07-EE6DA35433F7}.Debug|Any CPU.Build.0 = Debug|Any CPU
		{99549DF0-FD6C-B460-0C07-EE6DA35433F7}.Release|Any CPU.ActiveCfg = Release|Any CPU
		{99549DF0-FD6C-B460-0C07-EE6DA35433F7}.Release|Any CPU.Build.0 = Release|Any CPU
		{D8D63796-1D46-93ED-0774-3E2EBF955D3F}.Debug|Any CPU.ActiveCfg = Debug|Any CPU
		{D8D63796-1D46-93ED-0774-3E2EBF955D3F}.Debug|Any CPU.Build.0 = Debug|Any CPU
		{D8D63796-1D46-93ED-0774-3E2EBF955D3F}.Release|Any CPU.ActiveCfg = Release|Any CPU
		{D8D63796-1D46-93ED-0774-3E2EBF955D3F}.Release|Any CPU.Build.0 = Release|Any CPU
		{54FFD973-FEC7-2212-476D-F58508F4515B}.Debug|Any CPU.ActiveCfg = Debug|Any CPU
		{54FFD973-FEC7-2212-476D-F58508F4515B}.Debug|Any CPU.Build.0 = Debug|Any CPU
		{54FFD973-FEC7-2212-476D-F58508F4515B}.Release|Any CPU.ActiveCfg = Release|Any CPU
		{54FFD973-FEC7-2212-476D-F58508F4515B}.Release|Any CPU.Build.0 = Release|Any CPU
		{59C9DB1C-AFB1-867F-8A57-FC3A0B49625A}.Debug|Any CPU.ActiveCfg = Debug|Any CPU
		{59C9DB1C-AFB1-867F-8A57-FC3A0B49625A}.Debug|Any CPU.Build.0 = Debug|Any CPU
		{59C9DB1C-AFB1-867F-8A57-FC3A0B49625A}.Release|Any CPU.ActiveCfg = Release|Any CPU
		{59C9DB1C-AFB1-867F-8A57-FC3A0B49625A}.Release|Any CPU.Build.0 = Release|Any CPU
		{74D9EC67-488D-531A-ACDF-B90C65D0DB3E}.Debug|Any CPU.ActiveCfg = Debug|Any CPU
		{74D9EC67-488D-531A-ACDF-B90C65D0DB3E}.Debug|Any CPU.Build.0 = Debug|Any CPU
		{74D9EC67-488D-531A-ACDF-B90C65D0DB3E}.Release|Any CPU.ActiveCfg = Release|Any CPU
		{74D9EC67-488D-531A-ACDF-B90C65D0DB3E}.Release|Any CPU.Build.0 = Release|Any CPU
	EndGlobalSection
	GlobalSection(SolutionProperties) = preSolution
		HideSolutionNode = FALSE
	EndGlobalSection
	GlobalSection(ExtensibilityGlobals) = postSolution
		SolutionGuid = {BED23295-07EE-44B2-93C5-0A0ED932E8DA}
	EndGlobalSection
EndGlobal
